
Microsoft Visual Studio Solution File, Format Version 12.00
# Visual Studio Version 17
VisualStudioVersion = 17.11.35222.181
MinimumVisualStudioVersion = 10.0.40219.1
Project("{FAE04EC0-301F-11D3-BF4B-00C04F79EFBC}") = "GetCurrentDevices", "GetCurrentDevices.csproj", "{3984E570-9FF3-4477-9FDE-92C0402D796B}"
EndProject
Global
	GlobalSection(SolutionConfigurationPlatforms) = preSolution
		Debug|Any CPU = Debug|Any CPU
		Release|Any CPU = Release|Any CPU
	EndGlobalSection
	GlobalSection(ProjectConfigurationPlatforms) = postSolution
		{3984E570-9FF3-4477-9FDE-92C0402D796B}.Debug|Any CPU.ActiveCfg = Debug|Any CPU
		{3984E570-9FF3-4477-9FDE-92C0402D796B}.Debug|Any CPU.Build.0 = Debug|Any CPU
		{3984E570-9FF3-4477-9FDE-92C0402D796B}.Release|Any CPU.ActiveCfg = Release|Any CPU
		{3984E570-9FF3-4477-9FDE-92C0402D796B}.Release|Any CPU.Build.0 = Release|Any CPU
	EndGlobalSection
	GlobalSection(SolutionProperties) = preSolution
		HideSolutionNode = FALSE
	EndGlobalSection
	GlobalSection(ExtensibilityGlobals) = postSolution
		SolutionGuid = {213E7207-6FC4-4DEC-A0EF-0DD55940A61E}
	EndGlobalSection
EndGlobal
